// !$*UTF8*$!
{
	archiveVersion = 1;
	classes = {
	};
	objectVersion = 50;
	objects = {

/* Begin PBXBuildFile section */
		5D92C8D524F9750A003A4155 /* AppDelegate.swift in Sources */ = {isa = PBXBuildFile; fileRef = 5D92C8D424F9750A003A4155 /* AppDelegate.swift */; };
		5D92C8D724F9750A003A4155 /* SceneDelegate.swift in Sources */ = {isa = PBXBuildFile; fileRef = 5D92C8D624F9750A003A4155 /* SceneDelegate.swift */; };
		5D92C8D924F9750A003A4155 /* TabScreenView.swift in Sources */ = {isa = PBXBuildFile; fileRef = 5D92C8D824F9750A003A4155 /* TabScreenView.swift */; };
		5D92C8DB24F9750A003A4155 /* Assets.xcassets in Resources */ = {isa = PBXBuildFile; fileRef = 5D92C8DA24F9750A003A4155 /* Assets.xcassets */; };
		5D92C8DE24F9750A003A4155 /* Preview Assets.xcassets in Resources */ = {isa = PBXBuildFile; fileRef = 5D92C8DD24F9750A003A4155 /* Preview Assets.xcassets */; };
		5D92C8E124F9750A003A4155 /* LaunchScreen.storyboard in Resources */ = {isa = PBXBuildFile; fileRef = 5D92C8DF24F9750A003A4155 /* LaunchScreen.storyboard */; };
		5D92C8E924F97803003A4155 /* SecondTabView.swift in Sources */ = {isa = PBXBuildFile; fileRef = 5D92C8E824F97803003A4155 /* SecondTabView.swift */; };
		5D92C8EB24F9785F003A4155 /* SecondTabViewModel.swift in Sources */ = {isa = PBXBuildFile; fileRef = 5D92C8EA24F9785F003A4155 /* SecondTabViewModel.swift */; };
		5D92C8F224F97A05003A4155 /* SecondTabRowView.swift in Sources */ = {isa = PBXBuildFile; fileRef = 5D92C8F124F97A05003A4155 /* SecondTabRowView.swift */; };
		5D92C8F524F97D70003A4155 /* ModalView.swift in Sources */ = {isa = PBXBuildFile; fileRef = 5D92C8F424F97D70003A4155 /* ModalView.swift */; };
		5D92C8F824F97E52003A4155 /* FirstTabView.swift in Sources */ = {isa = PBXBuildFile; fileRef = 5D92C8F724F97E52003A4155 /* FirstTabView.swift */; };
/* End PBXBuildFile section */

/* Begin PBXFileReference section */
		5D92C8D124F9750A003A4155 /* SwiftUIStarter.app */ = {isa = PBXFileReference; explicitFileType = wrapper.application; includeInIndex = 0; path = SwiftUIStarter.app; sourceTree = BUILT_PRODUCTS_DIR; };
		5D92C8D424F9750A003A4155 /* AppDelegate.swift */ = {isa = PBXFileReference; lastKnownFileType = sourcecode.swift; path = AppDelegate.swift; sourceTree = "<group>"; };
		5D92C8D624F9750A003A4155 /* SceneDelegate.swift */ = {isa = PBXFileReference; lastKnownFileType = sourcecode.swift; path = SceneDelegate.swift; sourceTree = "<group>"; };
		5D92C8D824F9750A003A4155 /* TabScreenView.swift */ = {isa = PBXFileReference; lastKnownFileType = sourcecode.swift; path = TabScreenView.swift; sourceTree = "<group>"; };
		5D92C8DA24F9750A003A4155 /* Assets.xcassets */ = {isa = PBXFileReference; lastKnownFileType = folder.assetcatalog; path = Assets.xcassets; sourceTree = "<group>"; };
		5D92C8DD24F9750A003A4155 /* Preview Assets.xcassets */ = {isa = PBXFileReference; lastKnownFileType = folder.assetcatalog; path = "Preview Assets.xcassets"; sourceTree = "<group>"; };
		5D92C8E024F9750A003A4155 /* Base */ = {isa = PBXFileReference; lastKnownFileType = file.storyboard; name = Base; path = Base.lproj/LaunchScreen.storyboard; sourceTree = "<group>"; };
		5D92C8E224F9750A003A4155 /* Info.plist */ = {isa = PBXFileReference; lastKnownFileType = text.plist.xml; path = Info.plist; sourceTree = "<group>"; };
		5D92C8E824F97803003A4155 /* SecondTabView.swift */ = {isa = PBXFileReference; lastKnownFileType = sourcecode.swift; path = SecondTabView.swift; sourceTree = "<group>"; };
		5D92C8EA24F9785F003A4155 /* SecondTabViewModel.swift */ = {isa = PBXFileReference; lastKnownFileType = sourcecode.swift; path = SecondTabViewModel.swift; sourceTree = "<group>"; };
		5D92C8F124F97A05003A4155 /* SecondTabRowView.swift */ = {isa = PBXFileReference; lastKnownFileType = sourcecode.swift; path = SecondTabRowView.swift; sourceTree = "<group>"; };
		5D92C8F424F97D70003A4155 /* ModalView.swift */ = {isa = PBXFileReference; lastKnownFileType = sourcecode.swift; path = ModalView.swift; sourceTree = "<group>"; };
		5D92C8F724F97E52003A4155 /* FirstTabView.swift */ = {isa = PBXFileReference; lastKnownFileType = sourcecode.swift; path = FirstTabView.swift; sourceTree = "<group>"; };
/* End PBXFileReference section */

/* Begin PBXFrameworksBuildPhase section */
		5D92C8CE24F9750A003A4155 /* Frameworks */ = {
			isa = PBXFrameworksBuildPhase;
			buildActionMask = 2147483647;
			files = (
			);
			runOnlyForDeploymentPostprocessing = 0;
		};
/* End PBXFrameworksBuildPhase section */

/* Begin PBXGroup section */
		5D92C8C824F9750A003A4155 = {
			isa = PBXGroup;
			children = (
				5D92C8D324F9750A003A4155 /* SwiftUIStarter */,
				5D92C8D224F9750A003A4155 /* Products */,
			);
			sourceTree = "<group>";
		};
		5D92C8D224F9750A003A4155 /* Products */ = {
			isa = PBXGroup;
			children = (
				5D92C8D124F9750A003A4155 /* SwiftUIStarter.app */,
			);
			name = Products;
			sourceTree = "<group>";
		};
		5D92C8D324F9750A003A4155 /* SwiftUIStarter */ = {
			isa = PBXGroup;
			children = (
				5D92C8F624F97E43003A4155 /* FirstTab */,
				5D92C8F324F97D63003A4155 /* Modal */,
				5D92C8EE24F979EA003A4155 /* SecondTabRow */,
				5D92C8ED24F9796C003A4155 /* SecondTab */,
				5D92C8EC24F97965003A4155 /* Tab */,
				5D92C8D424F9750A003A4155 /* AppDelegate.swift */,
				5D92C8D624F9750A003A4155 /* SceneDelegate.swift */,
				5D92C8DA24F9750A003A4155 /* Assets.xcassets */,
				5D92C8DF24F9750A003A4155 /* LaunchScreen.storyboard */,
				5D92C8E224F9750A003A4155 /* Info.plist */,
				5D92C8DC24F9750A003A4155 /* Preview Content */,
			);
			path = SwiftUIStarter;
			sourceTree = "<group>";
		};
		5D92C8DC24F9750A003A4155 /* Preview Content */ = {
			isa = PBXGroup;
			children = (
				5D92C8DD24F9750A003A4155 /* Preview Assets.xcassets */,
			);
			path = "Preview Content";
			sourceTree = "<group>";
		};
		5D92C8EC24F97965003A4155 /* Tab */ = {
			isa = PBXGroup;
			children = (
				5D92C8D824F9750A003A4155 /* TabScreenView.swift */,
			);
			path = Tab;
			sourceTree = "<group>";
		};
		5D92C8ED24F9796C003A4155 /* SecondTab */ = {
			isa = PBXGroup;
			children = (
				5D92C8E824F97803003A4155 /* SecondTabView.swift */,
				5D92C8EA24F9785F003A4155 /* SecondTabViewModel.swift */,
			);
			path = SecondTab;
			sourceTree = "<group>";
		};
		5D92C8EE24F979EA003A4155 /* SecondTabRow */ = {
			isa = PBXGroup;
			children = (
				5D92C8F124F97A05003A4155 /* SecondTabRowView.swift */,
			);
			path = SecondTabRow;
			sourceTree = "<group>";
		};
		5D92C8F324F97D63003A4155 /* Modal */ = {
			isa = PBXGroup;
			children = (
				5D92C8F424F97D70003A4155 /* ModalView.swift */,
			);
			path = Modal;
			sourceTree = "<group>";
		};
		5D92C8F624F97E43003A4155 /* FirstTab */ = {
			isa = PBXGroup;
			children = (
				5D92C8F724F97E52003A4155 /* FirstTabView.swift */,
			);
			path = FirstTab;
			sourceTree = "<group>";
		};
/* End PBXGroup section */

/* Begin PBXNativeTarget section */
		5D92C8D024F9750A003A4155 /* SwiftUIStarter */ = {
			isa = PBXNativeTarget;
			buildConfigurationList = 5D92C8E524F9750A003A4155 /* Build configuration list for PBXNativeTarget "SwiftUIStarter" */;
			buildPhases = (
				5D92C8CD24F9750A003A4155 /* Sources */,
				5D92C8CE24F9750A003A4155 /* Frameworks */,
				5D92C8CF24F9750A003A4155 /* Resources */,
			);
			buildRules = (
			);
			dependencies = (
			);
			name = SwiftUIStarter;
			productName = SwiftUIStarter;
			productReference = 5D92C8D124F9750A003A4155 /* SwiftUIStarter.app */;
			productType = "com.apple.product-type.application";
		};
/* End PBXNativeTarget section */

/* Begin PBXProject section */
		5D92C8C924F9750A003A4155 /* Project object */ = {
			isa = PBXProject;
			attributes = {
				LastSwiftUpdateCheck = 1150;
				LastUpgradeCheck = 1150;
				ORGANIZATIONNAME = "Анастасия";
				TargetAttributes = {
					5D92C8D024F9750A003A4155 = {
						CreatedOnToolsVersion = 11.5;
					};
				};
			};
			buildConfigurationList = 5D92C8CC24F9750A003A4155 /* Build configuration list for PBXProject "SwiftUIStarter" */;
			compatibilityVersion = "Xcode 9.3";
			developmentRegion = en;
			hasScannedForEncodings = 0;
			knownRegions = (
				en,
				Base,
			);
			mainGroup = 5D92C8C824F9750A003A4155;
			productRefGroup = 5D92C8D224F9750A003A4155 /* Products */;
			projectDirPath = "";
			projectRoot = "";
			targets = (
				5D92C8D024F9750A003A4155 /* SwiftUIStarter */,
			);
		};
/* End PBXProject section */

/* Begin PBXResourcesBuildPhase section */
		5D92C8CF24F9750A003A4155 /* Resources */ = {
			isa = PBXResourcesBuildPhase;
			buildActionMask = 2147483647;
			files = (
				5D92C8E124F9750A003A4155 /* LaunchScreen.storyboard in Resources */,
				5D92C8DE24F9750A003A4155 /* Preview Assets.xcassets in Resources */,
				5D92C8DB24F9750A003A4155 /* Assets.xcassets in Resources */,
			);
			runOnlyForDeploymentPostprocessing = 0;
		};
/* End PBXResourcesBuildPhase section */

/* Begin PBXSourcesBuildPhase section */
		5D92C8CD24F9750A003A4155 /* Sources */ = {
			isa = PBXSourcesBuildPhase;
			buildActionMask = 2147483647;
			files = (
				5D92C8E924F97803003A4155 /* SecondTabView.swift in Sources */,
				5D92C8D524F9750A003A4155 /* AppDelegate.swift in Sources */,
				5D92C8D724F9750A003A4155 /* SceneDelegate.swift in Sources */,
				5D92C8D924F9750A003A4155 /* TabScreenView.swift in Sources */,
				5D92C8F524F97D70003A4155 /* ModalView.swift in Sources */,
				5D92C8EB24F9785F003A4155 /* SecondTabViewModel.swift in Sources */,
				5D92C8F224F97A05003A4155 /* SecondTabRowView.swift in Sources */,
				5D92C8F824F97E52003A4155 /* FirstTabView.swift in Sources */,
			);
			runOnlyForDeploymentPostprocessing = 0;
		};
/* End PBXSourcesBuildPhase section */

/* Begin PBXVariantGroup section */
		5D92C8DF24F9750A003A4155 /* LaunchScreen.storyboard */ = {
			isa = PBXVariantGroup;
			children = (
				5D92C8E024F9750A003A4155 /* Base */,
			);
			name = LaunchScreen.storyboard;
			sourceTree = "<group>";
		};
/* End PBXVariantGroup section */

/* Begin XCBuildConfiguration section */
		5D92C8E324F9750A003A4155 /* Debug */ = {
			isa = XCBuildConfiguration;
			buildSettings = {
				ALWAYS_SEARCH_USER_PATHS = NO;
				CLANG_ANALYZER_NONNULL = YES;
				CLANG_ANALYZER_NUMBER_OBJECT_CONVERSION = YES_AGGRESSIVE;
				CLANG_CXX_LANGUAGE_STANDARD = "gnu++14";
				CLANG_CXX_LIBRARY = "libc++";
				CLANG_ENABLE_MODULES = YES;
				CLANG_ENABLE_OBJC_ARC = YES;
				CLANG_ENABLE_OBJC_WEAK = YES;
				CLANG_WARN_BLOCK_CAPTURE_AUTORELEASING = YES;
				CLANG_WARN_BOOL_CONVERSION = YES;
				CLANG_WARN_COMMA = YES;
				CLANG_WARN_CONSTANT_CONVERSION = YES;
				CLANG_WARN_DEPRECATED_OBJC_IMPLEMENTATIONS = YES;
				CLANG_WARN_DIRECT_OBJC_ISA_USAGE = YES_ERROR;
				CLANG_WARN_DOCUMENTATION_COMMENTS = YES;
				CLANG_WARN_EMPTY_BODY = YES;
				CLANG_WARN_ENUM_CONVERSION = YES;
				CLANG_WARN_INFINITE_RECURSION = YES;
				CLANG_WARN_INT_CONVERSION = YES;
				CLANG_WARN_NON_LITERAL_NULL_CONVERSION = YES;
				CLANG_WARN_OBJC_IMPLICIT_RETAIN_SELF = YES;
				CLANG_WARN_OBJC_LITERAL_CONVERSION = YES;
				CLANG_WARN_OBJC_ROOT_CLASS = YES_ERROR;
				CLANG_WARN_RANGE_LOOP_ANALYSIS = YES;
				CLANG_WARN_STRICT_PROTOTYPES = YES;
				CLANG_WARN_SUSPICIOUS_MOVE = YES;
				CLANG_WARN_UNGUARDED_AVAILABILITY = YES_AGGRESSIVE;
				CLANG_WARN_UNREACHABLE_CODE = YES;
				CLANG_WARN__DUPLICATE_METHOD_MATCH = YES;
				COPY_PHASE_STRIP = NO;
				DEBUG_INFORMATION_FORMAT = dwarf;
				ENABLE_STRICT_OBJC_MSGSEND = YES;
				ENABLE_TESTABILITY = YES;
				GCC_C_LANGUAGE_STANDARD = gnu11;
				GCC_DYNAMIC_NO_PIC = NO;
				GCC_NO_COMMON_BLOCKS = YES;
				GCC_OPTIMIZATION_LEVEL = 0;
				GCC_PREPROCESSOR_DEFINITIONS = (
					"DEBUG=1",
					"$(inherited)",
				);
				GCC_WARN_64_TO_32_BIT_CONVERSION = YES;
				GCC_WARN_ABOUT_RETURN_TYPE = YES_ERROR;
				GCC_WARN_UNDECLARED_SELECTOR = YES;
				GCC_WARN_UNINITIALIZED_AUTOS = YES_AGGRESSIVE;
				GCC_WARN_UNUSED_FUNCTION = YES;
				GCC_WARN_UNUSED_VARIABLE = YES;
				IPHONEOS_DEPLOYMENT_TARGET = 13.5;
				MTL_ENABLE_DEBUG_INFO = INCLUDE_SOURCE;
				MTL_FAST_MATH = YES;
				ONLY_ACTIVE_ARCH = YES;
				SDKROOT = iphoneos;
				SWIFT_ACTIVE_COMPILATION_CONDITIONS = DEBUG;
				SWIFT_OPTIMIZATION_LEVEL = "-Onone";
			};
			name = Debug;
		};
		5D92C8E424F9750A003A4155 /* Release */ = {
			isa = XCBuildConfiguration;
			buildSettings = {
				ALWAYS_SEARCH_USER_PATHS = NO;
				CLANG_ANALYZER_NONNULL = YES;
				CLANG_ANALYZER_NUMBER_OBJECT_CONVERSION = YES_AGGRESSIVE;
				CLANG_CXX_LANGUAGE_STANDARD = "gnu++14";
				CLANG_CXX_LIBRARY = "libc++";
				CLANG_ENABLE_MODULES = YES;
				CLANG_ENABLE_OBJC_ARC = YES;
				CLANG_ENABLE_OBJC_WEAK = YES;
				CLANG_WARN_BLOCK_CAPTURE_AUTORELEASING = YES;
				CLANG_WARN_BOOL_CONVERSION = YES;
				CLANG_WARN_COMMA = YES;
				CLANG_WARN_CONSTANT_CONVERSION = YES;
				CLANG_WARN_DEPRECATED_OBJC_IMPLEMENTATIONS = YES;
				CLANG_WARN_DIRECT_OBJC_ISA_USAGE = YES_ERROR;
				CLANG_WARN_DOCUMENTATION_COMMENTS = YES;
				CLANG_WARN_EMPTY_BODY = YES;
				CLANG_WARN_ENUM_CONVERSION = YES;
				CLANG_WARN_INFINITE_RECURSION = YES;
				CLANG_WARN_INT_CONVERSION = YES;
				CLANG_WARN_NON_LITERAL_NULL_CONVERSION = YES;
				CLANG_WARN_OBJC_IMPLICIT_RETAIN_SELF = YES;
				CLANG_WARN_OBJC_LITERAL_CONVERSION = YES;
				CLANG_WARN_OBJC_ROOT_CLASS = YES_ERROR;
				CLANG_WARN_RANGE_LOOP_ANALYSIS = YES;
				CLANG_WARN_STRICT_PROTOTYPES = YES;
				CLANG_WARN_SUSPICIOUS_MOVE = YES;
				CLANG_WARN_UNGUARDED_AVAILABILITY = YES_AGGRESSIVE;
				CLANG_WARN_UNREACHABLE_CODE = YES;
				CLANG_WARN__DUPLICATE_METHOD_MATCH = YES;
				COPY_PHASE_STRIP = NO;
				DEBUG_INFORMATION_FORMAT = "dwarf-with-dsym";
				ENABLE_NS_ASSERTIONS = NO;
				ENABLE_STRICT_OBJC_MSGSEND = YES;
				GCC_C_LANGUAGE_STANDARD = gnu11;
				GCC_NO_COMMON_BLOCKS = YES;
				GCC_WARN_64_TO_32_BIT_CONVERSION = YES;
				GCC_WARN_ABOUT_RETURN_TYPE = YES_ERROR;
				GCC_WARN_UNDECLARED_SELECTOR = YES;
				GCC_WARN_UNINITIALIZED_AUTOS = YES_AGGRESSIVE;
				GCC_WARN_UNUSED_FUNCTION = YES;
				GCC_WARN_UNUSED_VARIABLE = YES;
				IPHONEOS_DEPLOYMENT_TARGET = 13.5;
				MTL_ENABLE_DEBUG_INFO = NO;
				MTL_FAST_MATH = YES;
				SDKROOT = iphoneos;
				SWIFT_COMPILATION_MODE = wholemodule;
				SWIFT_OPTIMIZATION_LEVEL = "-O";
				VALIDATE_PRODUCT = YES;
			};
			name = Release;
		};
		5D92C8E624F9750A003A4155 /* Debug */ = {
			isa = XCBuildConfiguration;
			buildSettings = {
				ASSETCATALOG_COMPILER_APPICON_NAME = AppIcon;
				CODE_SIGN_STYLE = Automatic;
				DEVELOPMENT_ASSET_PATHS = "\"SwiftUIStarter/Preview Content\"";
				DEVELOPMENT_TEAM = 5WLRHKL28G;
				ENABLE_PREVIEWS = YES;
				INFOPLIST_FILE = SwiftUIStarter/Info.plist;
				LD_RUNPATH_SEARCH_PATHS = (
					"$(inherited)",
					"@executable_path/Frameworks",
				);
				PRODUCT_BUNDLE_IDENTIFIER = ru.nastya.goeva.swiftui.starter;
				PRODUCT_NAME = "$(TARGET_NAME)";
				SWIFT_VERSION = 5.0;
				TARGETED_DEVICE_FAMILY = "1,2";
			};
			name = Debug;
		};
		5D92C8E724F9750A003A4155 /* Release */ = {
			isa = XCBuildConfiguration;
			buildSettings = {
				ASSETCATALOG_COMPILER_APPICON_NAME = AppIcon;
				CODE_SIGN_STYLE = Automatic;
				DEVELOPMENT_ASSET_PATHS = "\"SwiftUIStarter/Preview Content\"";
				DEVELOPMENT_TEAM = 5WLRHKL28G;
				ENABLE_PREVIEWS = YES;
				INFOPLIST_FILE = SwiftUIStarter/Info.plist;
				LD_RUNPATH_SEARCH_PATHS = (
					"$(inherited)",
					"@executable_path/Frameworks",
				);
				PRODUCT_BUNDLE_IDENTIFIER = ru.nastya.goeva.swiftui.starter;
				PRODUCT_NAME = "$(TARGET_NAME)";
				SWIFT_VERSION = 5.0;
				TARGETED_DEVICE_FAMILY = "1,2";
			};
			name = Release;
		};
/* End XCBuildConfiguration section */

/* Begin XCConfigurationList section */
		5D92C8CC24F9750A003A4155 /* Build configuration list for PBXProject "SwiftUIStarter" */ = {
			isa = XCConfigurationList;
			buildConfigurations = (
				5D92C8E324F9750A003A4155 /* Debug */,
				5D92C8E424F9750A003A4155 /* Release */,
			);
			defaultConfigurationIsVisible = 0;
			defaultConfigurationName = Release;
		};
		5D92C8E524F9750A003A4155 /* Build configuration list for PBXNativeTarget "SwiftUIStarter" */ = {
			isa = XCConfigurationList;
			buildConfigurations = (
				5D92C8E624F9750A003A4155 /* Debug */,
				5D92C8E724F9750A003A4155 /* Release */,
			);
			defaultConfigurationIsVisible = 0;
			defaultConfigurationName = Release;
		};
/* End XCConfigurationList section */
	};
	rootObject = 5D92C8C924F9750A003A4155 /* Project object */;
}
